{
    "_meta": {
        "hash": {
            "sha256": "c1133308a970ab70de68100f8f18af566bddc7c9a12a356185a3a12ca5725397"
        },
        "pipfile-spec": 6,
        "requires": {
            "python_version": ">=3.10, <3.12"
        },
        "sources": [
            {
                "name": "pypi",
                "url": "https://pypi.org/simple",
                "verify_ssl": true
            }
        ]
    },
    "default": {
        "django-environ": {
            "hashes": [
                "sha256:0ff95ab4344bfeff693836aa978e6840abef2e2f1145adff7735892711590c05",
                "sha256:f32a87aa0899894c27d4e1776fa6b477e8164ed7f6b3e410a62a6d72caaf64be"
            ],
            "index": "pypi",
            "markers": "python_version >= '3.6' and python_version < '4'",
            "version": "==0.11.2"
        },
        "python-dotenv": {
            "hashes": [
                "sha256:e324ee90a023d808f1959c46bcbc04446a10ced277783dc6ee09987c37ec10ca",
                "sha256:f7b63ef50f1b690dddf550d03497b66d609393b40b564ed0d674909a68ebf16a"
            ],
            "index": "pypi",
            "markers": "python_version >= '3.8'",
            "version": "==1.0.1"
        }
    },
    "develop": {}
}